
Microsoft Visual Studio Solution File, Format Version 12.00
# Visual Studio Version 17
VisualStudioVersion = 17.10.34916.146
MinimumVisualStudioVersion = 10.0.40219.1
Project("{9A19103F-16F7-4668-BE54-9A1E7A4F7556}") = "Towers.Console", "Towers.Console\Towers.Console.csproj", "{8F708D87-6AFD-422F-AB97-C3747122EE32}"
EndProject
Project("{FAE04EC0-301F-11D3-BF4B-00C04F79EFBC}") = "OriginalHanoiTowers", "OriginalHanoiTowers\OriginalHanoiTowers.csproj", "{D2D38A84-0443-49BD-A5F3-E2511E9CAB77}"
EndProject
Project("{2150E333-8FDC-42A3-9474-1A3956D46DE8}") = "Plan", "Plan", "{D9D291CD-5DC6-42E4-9DCC-ACD9412F5543}"
	ProjectSection(SolutionItems) = preProject
		plan.txt = plan.txt
	EndProjectSection
EndProject
Project("{FAE04EC0-301F-11D3-BF4B-00C04F79EFBC}") = "Towers.Logic", "Towers.Logic\Towers.Logic.csproj", "{E7A537A3-5C7A-40EE-8CBA-DB2E0B972F67}"
EndProject
Global
	GlobalSection(SolutionConfigurationPlatforms) = preSolution
		Debug|Any CPU = Debug|Any CPU
		Release|Any CPU = Release|Any CPU
	EndGlobalSection
	GlobalSection(ProjectConfigurationPlatforms) = postSolution
		{8F708D87-6AFD-422F-AB97-C3747122EE32}.Debug|Any CPU.ActiveCfg = Debug|Any CPU
		{8F708D87-6AFD-422F-AB97-C3747122EE32}.Debug|Any CPU.Build.0 = Debug|Any CPU
		{8F708D87-6AFD-422F-AB97-C3747122EE32}.Release|Any CPU.ActiveCfg = Release|Any CPU
		{8F708D87-6AFD-422F-AB97-C3747122EE32}.Release|Any CPU.Build.0 = Release|Any CPU
		{D2D38A84-0443-49BD-A5F3-E2511E9CAB77}.Debug|Any CPU.ActiveCfg = Debug|Any CPU
		{D2D38A84-0443-49BD-A5F3-E2511E9CAB77}.Debug|Any CPU.Build.0 = Debug|Any CPU
		{D2D38A84-0443-49BD-A5F3-E2511E9CAB77}.Release|Any CPU.ActiveCfg = Release|Any CPU
		{D2D38A84-0443-49BD-A5F3-E2511E9CAB77}.Release|Any CPU.Build.0 = Release|Any CPU
		{E7A537A3-5C7A-40EE-8CBA-DB2E0B972F67}.Debug|Any CPU.ActiveCfg = Debug|Any CPU
		{E7A537A3-5C7A-40EE-8CBA-DB2E0B972F67}.Debug|Any CPU.Build.0 = Debug|Any CPU
		{E7A537A3-5C7A-40EE-8CBA-DB2E0B972F67}.Release|Any CPU.ActiveCfg = Release|Any CPU
		{E7A537A3-5C7A-40EE-8CBA-DB2E0B972F67}.Release|Any CPU.Build.0 = Release|Any CPU
	EndGlobalSection
	GlobalSection(SolutionProperties) = preSolution
		HideSolutionNode = FALSE
	EndGlobalSection
	GlobalSection(ExtensibilityGlobals) = postSolution
		SolutionGuid = {8E12DB5A-9088-4B7E-AE21-F50B130C58E2}
	EndGlobalSection
EndGlobal
